
Microsoft Visual Studio Solution File, Format Version 12.00
# Visual Studio Version 16
VisualStudioVersion = 16.0.32630.194
MinimumVisualStudioVersion = 10.0.40219.1
Project("{9A19103F-16F7-4668-BE54-9A1E7A4F7556}") = "Eticaret.WebUI", "Eticaret.WebUI\Eticaret.WebUI.csproj", "{B6CD4665-43FF-45B9-83DB-08CEE3121826}"
EndProject
Project("{9A19103F-16F7-4668-BE54-9A1E7A4F7556}") = "Data", "Data\Data.csproj", "{50579FFD-0358-4602-A3F9-5F32629F9840}"
EndProject
Project("{9A19103F-16F7-4668-BE54-9A1E7A4F7556}") = "Entity", "Entity\Entity.csproj", "{2F219625-CD27-4EFC-B527-05A361C8CFCC}"
EndProject
Project("{9A19103F-16F7-4668-BE54-9A1E7A4F7556}") = "Business", "Business\Business.csproj", "{C0ABAA0A-091B-4C02-8E40-5A2183985D5B}"
EndProject
Global
	GlobalSection(SolutionConfigurationPlatforms) = preSolution
		Debug|Any CPU = Debug|Any CPU
		Release|Any CPU = Release|Any CPU
	EndGlobalSection
	GlobalSection(ProjectConfigurationPlatforms) = postSolution
		{B6CD4665-43FF-45B9-83DB-08CEE3121826}.Debug|Any CPU.ActiveCfg = Debug|Any CPU
		{B6CD4665-43FF-45B9-83DB-08CEE3121826}.Debug|Any CPU.Build.0 = Debug|Any CPU
		{B6CD4665-43FF-45B9-83DB-08CEE3121826}.Release|Any CPU.ActiveCfg = Release|Any CPU
		{B6CD4665-43FF-45B9-83DB-08CEE3121826}.Release|Any CPU.Build.0 = Release|Any CPU
		{50579FFD-0358-4602-A3F9-5F32629F9840}.Debug|Any CPU.ActiveCfg = Debug|Any CPU
		{50579FFD-0358-4602-A3F9-5F32629F9840}.Debug|Any CPU.Build.0 = Debug|Any CPU
		{50579FFD-0358-4602-A3F9-5F32629F9840}.Release|Any CPU.ActiveCfg = Release|Any CPU
		{50579FFD-0358-4602-A3F9-5F32629F9840}.Release|Any CPU.Build.0 = Release|Any CPU
		{2F219625-CD27-4EFC-B527-05A361C8CFCC}.Debug|Any CPU.ActiveCfg = Debug|Any CPU
		{2F219625-CD27-4EFC-B527-05A361C8CFCC}.Debug|Any CPU.Build.0 = Debug|Any CPU
		{2F219625-CD27-4EFC-B527-05A361C8CFCC}.Release|Any CPU.ActiveCfg = Release|Any CPU
		{2F219625-CD27-4EFC-B527-05A361C8CFCC}.Release|Any CPU.Build.0 = Release|Any CPU
		{C0ABAA0A-091B-4C02-8E40-5A2183985D5B}.Debug|Any CPU.ActiveCfg = Debug|Any CPU
		{C0ABAA0A-091B-4C02-8E40-5A2183985D5B}.Debug|Any CPU.Build.0 = Debug|Any CPU
		{C0ABAA0A-091B-4C02-8E40-5A2183985D5B}.Release|Any CPU.ActiveCfg = Release|Any CPU
		{C0ABAA0A-091B-4C02-8E40-5A2183985D5B}.Release|Any CPU.Build.0 = Release|Any CPU
	EndGlobalSection
	GlobalSection(SolutionProperties) = preSolution
		HideSolutionNode = FALSE
	EndGlobalSection
	GlobalSection(ExtensibilityGlobals) = postSolution
		SolutionGuid = {39A449E6-B722-4BB4-BE82-389ED4FA75D1}
	EndGlobalSection
EndGlobal
